// !$*UTF8*$!
{
	archiveVersion = 1;
	classes = {
	};
	objectVersion = 56;
	objects = {

/* Begin PBXBuildFile section */
		A9376A232B544E07001C0E49 /* todo_listApp.swift in Sources */ = {isa = PBXBuildFile; fileRef = A9376A222B544E07001C0E49 /* todo_listApp.swift */; };
		A9376A252B544E07001C0E49 /* ContentView.swift in Sources */ = {isa = PBXBuildFile; fileRef = A9376A242B544E07001C0E49 /* ContentView.swift */; };
		A9376A272B544E09001C0E49 /* Assets.xcassets in Resources */ = {isa = PBXBuildFile; fileRef = A9376A262B544E09001C0E49 /* Assets.xcassets */; };
		A9376A2B2B544E09001C0E49 /* Preview Assets.xcassets in Resources */ = {isa = PBXBuildFile; fileRef = A9376A2A2B544E09001C0E49 /* Preview Assets.xcassets */; };
		A9376A352B544E09001C0E49 /* todo_listTests.swift in Sources */ = {isa = PBXBuildFile; fileRef = A9376A342B544E09001C0E49 /* todo_listTests.swift */; };
		A9376A3F2B544E09001C0E49 /* todo_listUITests.swift in Sources */ = {isa = PBXBuildFile; fileRef = A9376A3E2B544E09001C0E49 /* todo_listUITests.swift */; };
		A9376A412B544E09001C0E49 /* todo_listUITestsLaunchTests.swift in Sources */ = {isa = PBXBuildFile; fileRef = A9376A402B544E09001C0E49 /* todo_listUITestsLaunchTests.swift */; };
/* End PBXBuildFile section */

/* Begin PBXContainerItemProxy section */
		A9376A312B544E09001C0E49 /* PBXContainerItemProxy */ = {
			isa = PBXContainerItemProxy;
			containerPortal = A9376A172B544E07001C0E49 /* Project object */;
			proxyType = 1;
			remoteGlobalIDString = A9376A1E2B544E07001C0E49;
			remoteInfo = "todo-list";
		};
		A9376A3B2B544E09001C0E49 /* PBXContainerItemProxy */ = {
			isa = PBXContainerItemProxy;
			containerPortal = A9376A172B544E07001C0E49 /* Project object */;
			proxyType = 1;
			remoteGlobalIDString = A9376A1E2B544E07001C0E49;
			remoteInfo = "todo-list";
		};
/* End PBXContainerItemProxy section */

/* Begin PBXFileReference section */
		A9376A1F2B544E07001C0E49 /* todo-list.app */ = {isa = PBXFileReference; explicitFileType = wrapper.application; includeInIndex = 0; path = "todo-list.app"; sourceTree = BUILT_PRODUCTS_DIR; };
		A9376A222B544E07001C0E49 /* todo_listApp.swift */ = {isa = PBXFileReference; lastKnownFileType = sourcecode.swift; path = todo_listApp.swift; sourceTree = "<group>"; };
		A9376A242B544E07001C0E49 /* ContentView.swift */ = {isa = PBXFileReference; lastKnownFileType = sourcecode.swift; path = ContentView.swift; sourceTree = "<group>"; };
		A9376A262B544E09001C0E49 /* Assets.xcassets */ = {isa = PBXFileReference; lastKnownFileType = folder.assetcatalog; path = Assets.xcassets; sourceTree = "<group>"; };
		A9376A282B544E09001C0E49 /* todo_list.entitlements */ = {isa = PBXFileReference; lastKnownFileType = text.plist.entitlements; path = todo_list.entitlements; sourceTree = "<group>"; };
		A9376A2A2B544E09001C0E49 /* Preview Assets.xcassets */ = {isa = PBXFileReference; lastKnownFileType = folder.assetcatalog; path = "Preview Assets.xcassets"; sourceTree = "<group>"; };
		A9376A302B544E09001C0E49 /* todo-listTests.xctest */ = {isa = PBXFileReference; explicitFileType = wrapper.cfbundle; includeInIndex = 0; path = "todo-listTests.xctest"; sourceTree = BUILT_PRODUCTS_DIR; };
		A9376A342B544E09001C0E49 /* todo_listTests.swift */ = {isa = PBXFileReference; lastKnownFileType = sourcecode.swift; path = todo_listTests.swift; sourceTree = "<group>"; };
		A9376A3A2B544E09001C0E49 /* todo-listUITests.xctest */ = {isa = PBXFileReference; explicitFileType = wrapper.cfbundle; includeInIndex = 0; path = "todo-listUITests.xctest"; sourceTree = BUILT_PRODUCTS_DIR; };
		A9376A3E2B544E09001C0E49 /* todo_listUITests.swift */ = {isa = PBXFileReference; lastKnownFileType = sourcecode.swift; path = todo_listUITests.swift; sourceTree = "<group>"; };
		A9376A402B544E09001C0E49 /* todo_listUITestsLaunchTests.swift */ = {isa = PBXFileReference; lastKnownFileType = sourcecode.swift; path = todo_listUITestsLaunchTests.swift; sourceTree = "<group>"; };
/* End PBXFileReference section */

/* Begin PBXFrameworksBuildPhase section */
		A9376A1C2B544E07001C0E49 /* Frameworks */ = {
			isa = PBXFrameworksBuildPhase;
			buildActionMask = 2147483647;
			files = (
			);
			runOnlyForDeploymentPostprocessing = 0;
		};
		A9376A2D2B544E09001C0E49 /* Frameworks */ = {
			isa = PBXFrameworksBuildPhase;
			buildActionMask = 2147483647;
			files = (
			);
			runOnlyForDeploymentPostprocessing = 0;
		};
		A9376A372B544E09001C0E49 /* Frameworks */ = {
			isa = PBXFrameworksBuildPhase;
			buildActionMask = 2147483647;
			files = (
			);
			runOnlyForDeploymentPostprocessing = 0;
		};
/* End PBXFrameworksBuildPhase section */

/* Begin PBXGroup section */
		A9376A162B544E07001C0E49 = {
			isa = PBXGroup;
			children = (
				A9376A212B544E07001C0E49 /* todo-list */,
				A9376A332B544E09001C0E49 /* todo-listTests */,
				A9376A3D2B544E09001C0E49 /* todo-listUITests */,
				A9376A202B544E07001C0E49 /* Products */,
			);
			sourceTree = "<group>";
		};
		A9376A202B544E07001C0E49 /* Products */ = {
			isa = PBXGroup;
			children = (
				A9376A1F2B544E07001C0E49 /* todo-list.app */,
				A9376A302B544E09001C0E49 /* todo-listTests.xctest */,
				A9376A3A2B544E09001C0E49 /* todo-listUITests.xctest */,
			);
			name = Products;
			sourceTree = "<group>";
		};
		A9376A212B544E07001C0E49 /* todo-list */ = {
			isa = PBXGroup;
			children = (
				A9376A222B544E07001C0E49 /* todo_listApp.swift */,
				A9376A242B544E07001C0E49 /* ContentView.swift */,
				A9376A262B544E09001C0E49 /* Assets.xcassets */,
				A9376A282B544E09001C0E49 /* todo_list.entitlements */,
				A9376A292B544E09001C0E49 /* Preview Content */,
			);
			path = "todo-list";
			sourceTree = "<group>";
		};
		A9376A292B544E09001C0E49 /* Preview Content */ = {
			isa = PBXGroup;
			children = (
				A9376A2A2B544E09001C0E49 /* Preview Assets.xcassets */,
			);
			path = "Preview Content";
			sourceTree = "<group>";
		};
		A9376A332B544E09001C0E49 /* todo-listTests */ = {
			isa = PBXGroup;
			children = (
				A9376A342B544E09001C0E49 /* todo_listTests.swift */,
			);
			path = "todo-listTests";
			sourceTree = "<group>";
		};
		A9376A3D2B544E09001C0E49 /* todo-listUITests */ = {
			isa = PBXGroup;
			children = (
				A9376A3E2B544E09001C0E49 /* todo_listUITests.swift */,
				A9376A402B544E09001C0E49 /* todo_listUITestsLaunchTests.swift */,
			);
			path = "todo-listUITests";
			sourceTree = "<group>";
		};
/* End PBXGroup section */

/* Begin PBXNativeTarget section */
		A9376A1E2B544E07001C0E49 /* todo-list */ = {
			isa = PBXNativeTarget;
			buildConfigurationList = A9376A442B544E09001C0E49 /* Build configuration list for PBXNativeTarget "todo-list" */;
			buildPhases = (
				A9376A1B2B544E07001C0E49 /* Sources */,
				A9376A1C2B544E07001C0E49 /* Frameworks */,
				A9376A1D2B544E07001C0E49 /* Resources */,
			);
			buildRules = (
			);
			dependencies = (
			);
			name = "todo-list";
			productName = "todo-list";
			productReference = A9376A1F2B544E07001C0E49 /* todo-list.app */;
			productType = "com.apple.product-type.application";
		};
		A9376A2F2B544E09001C0E49 /* todo-listTests */ = {
			isa = PBXNativeTarget;
			buildConfigurationList = A9376A472B544E09001C0E49 /* Build configuration list for PBXNativeTarget "todo-listTests" */;
			buildPhases = (
				A9376A2C2B544E09001C0E49 /* Sources */,
				A9376A2D2B544E09001C0E49 /* Frameworks */,
				A9376A2E2B544E09001C0E49 /* Resources */,
			);
			buildRules = (
			);
			dependencies = (
				A9376A322B544E09001C0E49 /* PBXTargetDependency */,
			);
			name = "todo-listTests";
			productName = "todo-listTests";
			productReference = A9376A302B544E09001C0E49 /* todo-listTests.xctest */;
			productType = "com.apple.product-type.bundle.unit-test";
		};
		A9376A392B544E09001C0E49 /* todo-listUITests */ = {
			isa = PBXNativeTarget;
			buildConfigurationList = A9376A4A2B544E09001C0E49 /* Build configuration list for PBXNativeTarget "todo-listUITests" */;
			buildPhases = (
				A9376A362B544E09001C0E49 /* Sources */,
				A9376A372B544E09001C0E49 /* Frameworks */,
				A9376A382B544E09001C0E49 /* Resources */,
			);
			buildRules = (
			);
			dependencies = (
				A9376A3C2B544E09001C0E49 /* PBXTargetDependency */,
			);
			name = "todo-listUITests";
			productName = "todo-listUITests";
			productReference = A9376A3A2B544E09001C0E49 /* todo-listUITests.xctest */;
			productType = "com.apple.product-type.bundle.ui-testing";
		};
/* End PBXNativeTarget section */

/* Begin PBXProject section */
		A9376A172B544E07001C0E49 /* Project object */ = {
			isa = PBXProject;
			attributes = {
				BuildIndependentTargetsInParallel = 1;
				LastSwiftUpdateCheck = 1520;
				LastUpgradeCheck = 1520;
				TargetAttributes = {
					A9376A1E2B544E07001C0E49 = {
						CreatedOnToolsVersion = 15.2;
					};
					A9376A2F2B544E09001C0E49 = {
						CreatedOnToolsVersion = 15.2;
						TestTargetID = A9376A1E2B544E07001C0E49;
					};
					A9376A392B544E09001C0E49 = {
						CreatedOnToolsVersion = 15.2;
						TestTargetID = A9376A1E2B544E07001C0E49;
					};
				};
			};
			buildConfigurationList = A9376A1A2B544E07001C0E49 /* Build configuration list for PBXProject "todo-list" */;
			compatibilityVersion = "Xcode 14.0";
			developmentRegion = en;
			hasScannedForEncodings = 0;
			knownRegions = (
				en,
				Base,
			);
			mainGroup = A9376A162B544E07001C0E49;
			productRefGroup = A9376A202B544E07001C0E49 /* Products */;
			projectDirPath = "";
			projectRoot = "";
			targets = (
				A9376A1E2B544E07001C0E49 /* todo-list */,
				A9376A2F2B544E09001C0E49 /* todo-listTests */,
				A9376A392B544E09001C0E49 /* todo-listUITests */,
			);
		};
/* End PBXProject section */

/* Begin PBXResourcesBuildPhase section */
		A9376A1D2B544E07001C0E49 /* Resources */ = {
			isa = PBXResourcesBuildPhase;
			buildActionMask = 2147483647;
			files = (
				A9376A2B2B544E09001C0E49 /* Preview Assets.xcassets in Resources */,
				A9376A272B544E09001C0E49 /* Assets.xcassets in Resources */,
			);
			runOnlyForDeploymentPostprocessing = 0;
		};
		A9376A2E2B544E09001C0E49 /* Resources */ = {
			isa = PBXResourcesBuildPhase;
			buildActionMask = 2147483647;
			files = (
			);
			runOnlyForDeploymentPostprocessing = 0;
		};
		A9376A382B544E09001C0E49 /* Resources */ = {
			isa = PBXResourcesBuildPhase;
			buildActionMask = 2147483647;
			files = (
			);
			runOnlyForDeploymentPostprocessing = 0;
		};
/* End PBXResourcesBuildPhase section */

/* Begin PBXSourcesBuildPhase section */
		A9376A1B2B544E07001C0E49 /* Sources */ = {
			isa = PBXSourcesBuildPhase;
			buildActionMask = 2147483647;
			files = (
				A9376A252B544E07001C0E49 /* ContentView.swift in Sources */,
				A9376A232B544E07001C0E49 /* todo_listApp.swift in Sources */,
			);
			runOnlyForDeploymentPostprocessing = 0;
		};
		A9376A2C2B544E09001C0E49 /* Sources */ = {
			isa = PBXSourcesBuildPhase;
			buildActionMask = 2147483647;
			files = (
				A9376A352B544E09001C0E49 /* todo_listTests.swift in Sources */,
			);
			runOnlyForDeploymentPostprocessing = 0;
		};
		A9376A362B544E09001C0E49 /* Sources */ = {
			isa = PBXSourcesBuildPhase;
			buildActionMask = 2147483647;
			files = (
				A9376A412B544E09001C0E49 /* todo_listUITestsLaunchTests.swift in Sources */,
				A9376A3F2B544E09001C0E49 /* todo_listUITests.swift in Sources */,
			);
			runOnlyForDeploymentPostprocessing = 0;
		};
/* End PBXSourcesBuildPhase section */

/* Begin PBXTargetDependency section */
		A9376A322B544E09001C0E49 /* PBXTargetDependency */ = {
			isa = PBXTargetDependency;
			target = A9376A1E2B544E07001C0E49 /* todo-list */;
			targetProxy = A9376A312B544E09001C0E49 /* PBXContainerItemProxy */;
		};
		A9376A3C2B544E09001C0E49 /* PBXTargetDependency */ = {
			isa = PBXTargetDependency;
			target = A9376A1E2B544E07001C0E49 /* todo-list */;
			targetProxy = A9376A3B2B544E09001C0E49 /* PBXContainerItemProxy */;
		};
/* End PBXTargetDependency section */

/* Begin XCBuildConfiguration section */
		A9376A422B544E09001C0E49 /* Debug */ = {
			isa = XCBuildConfiguration;
			buildSettings = {
				ALWAYS_SEARCH_USER_PATHS = NO;
				ASSETCATALOG_COMPILER_GENERATE_SWIFT_ASSET_SYMBOL_EXTENSIONS = YES;
				CLANG_ANALYZER_NONNULL = YES;
				CLANG_ANALYZER_NUMBER_OBJECT_CONVERSION = YES_AGGRESSIVE;
				CLANG_CXX_LANGUAGE_STANDARD = "gnu++20";
				CLANG_ENABLE_MODULES = YES;
				CLANG_ENABLE_OBJC_ARC = YES;
				CLANG_ENABLE_OBJC_WEAK = YES;
				CLANG_WARN_BLOCK_CAPTURE_AUTORELEASING = YES;
				CLANG_WARN_BOOL_CONVERSION = YES;
				CLANG_WARN_COMMA = YES;
				CLANG_WARN_CONSTANT_CONVERSION = YES;
				CLANG_WARN_DEPRECATED_OBJC_IMPLEMENTATIONS = YES;
				CLANG_WARN_DIRECT_OBJC_ISA_USAGE = YES_ERROR;
				CLANG_WARN_DOCUMENTATION_COMMENTS = YES;
				CLANG_WARN_EMPTY_BODY = YES;
				CLANG_WARN_ENUM_CONVERSION = YES;
				CLANG_WARN_INFINITE_RECURSION = YES;
				CLANG_WARN_INT_CONVERSION = YES;
				CLANG_WARN_NON_LITERAL_NULL_CONVERSION = YES;
				CLANG_WARN_OBJC_IMPLICIT_RETAIN_SELF = YES;
				CLANG_WARN_OBJC_LITERAL_CONVERSION = YES;
				CLANG_WARN_OBJC_ROOT_CLASS = YES_ERROR;
				CLANG_WARN_QUOTED_INCLUDE_IN_FRAMEWORK_HEADER = YES;
				CLANG_WARN_RANGE_LOOP_ANALYSIS = YES;
				CLANG_WARN_STRICT_PROTOTYPES = YES;
				CLANG_WARN_SUSPICIOUS_MOVE = YES;
				CLANG_WARN_UNGUARDED_AVAILABILITY = YES_AGGRESSIVE;
				CLANG_WARN_UNREACHABLE_CODE = YES;
				CLANG_WARN__DUPLICATE_METHOD_MATCH = YES;
				COPY_PHASE_STRIP = NO;
				DEBUG_INFORMATION_FORMAT = dwarf;
				ENABLE_STRICT_OBJC_MSGSEND = YES;
				ENABLE_TESTABILITY = YES;
				ENABLE_USER_SCRIPT_SANDBOXING = YES;
				GCC_C_LANGUAGE_STANDARD = gnu17;
				GCC_DYNAMIC_NO_PIC = NO;
				GCC_NO_COMMON_BLOCKS = YES;
				GCC_OPTIMIZATION_LEVEL = 0;
				GCC_PREPROCESSOR_DEFINITIONS = (
					"DEBUG=1",
					"$(inherited)",
				);
				GCC_WARN_64_TO_32_BIT_CONVERSION = YES;
				GCC_WARN_ABOUT_RETURN_TYPE = YES_ERROR;
				GCC_WARN_UNDECLARED_SELECTOR = YES;
				GCC_WARN_UNINITIALIZED_AUTOS = YES_AGGRESSIVE;
				GCC_WARN_UNUSED_FUNCTION = YES;
				GCC_WARN_UNUSED_VARIABLE = YES;
				LOCALIZATION_PREFERS_STRING_CATALOGS = YES;
				MTL_ENABLE_DEBUG_INFO = INCLUDE_SOURCE;
				MTL_FAST_MATH = YES;
				ONLY_ACTIVE_ARCH = YES;
				SWIFT_ACTIVE_COMPILATION_CONDITIONS = "DEBUG $(inherited)";
				SWIFT_OPTIMIZATION_LEVEL = "-Onone";
			};
			name = Debug;
		};
		A9376A432B544E09001C0E49 /* Release */ = {
			isa = XCBuildConfiguration;
			buildSettings = {
				ALWAYS_SEARCH_USER_PATHS = NO;
				ASSETCATALOG_COMPILER_GENERATE_SWIFT_ASSET_SYMBOL_EXTENSIONS = YES;
				CLANG_ANALYZER_NONNULL = YES;
				CLANG_ANALYZER_NUMBER_OBJECT_CONVERSION = YES_AGGRESSIVE;
				CLANG_CXX_LANGUAGE_STANDARD = "gnu++20";
				CLANG_ENABLE_MODULES = YES;
				CLANG_ENABLE_OBJC_ARC = YES;
				CLANG_ENABLE_OBJC_WEAK = YES;
				CLANG_WARN_BLOCK_CAPTURE_AUTORELEASING = YES;
				CLANG_WARN_BOOL_CONVERSION = YES;
				CLANG_WARN_COMMA = YES;
				CLANG_WARN_CONSTANT_CONVERSION = YES;
				CLANG_WARN_DEPRECATED_OBJC_IMPLEMENTATIONS = YES;
				CLANG_WARN_DIRECT_OBJC_ISA_USAGE = YES_ERROR;
				CLANG_WARN_DOCUMENTATION_COMMENTS = YES;
				CLANG_WARN_EMPTY_BODY = YES;
				CLANG_WARN_ENUM_CONVERSION = YES;
				CLANG_WARN_INFINITE_RECURSION = YES;
				CLANG_WARN_INT_CONVERSION = YES;
				CLANG_WARN_NON_LITERAL_NULL_CONVERSION = YES;
				CLANG_WARN_OBJC_IMPLICIT_RETAIN_SELF = YES;
				CLANG_WARN_OBJC_LITERAL_CONVERSION = YES;
				CLANG_WARN_OBJC_ROOT_CLASS = YES_ERROR;
				CLANG_WARN_QUOTED_INCLUDE_IN_FRAMEWORK_HEADER = YES;
				CLANG_WARN_RANGE_LOOP_ANALYSIS = YES;
				CLANG_WARN_STRICT_PROTOTYPES = YES;
				CLANG_WARN_SUSPICIOUS_MOVE = YES;
				CLANG_WARN_UNGUARDED_AVAILABILITY = YES_AGGRESSIVE;
				CLANG_WARN_UNREACHABLE_CODE = YES;
				CLANG_WARN__DUPLICATE_METHOD_MATCH = YES;
				COPY_PHASE_STRIP = NO;
				DEBUG_INFORMATION_FORMAT = "dwarf-with-dsym";
				ENABLE_NS_ASSERTIONS = NO;
				ENABLE_STRICT_OBJC_MSGSEND = YES;
				ENABLE_USER_SCRIPT_SANDBOXING = YES;
				GCC_C_LANGUAGE_STANDARD = gnu17;
				GCC_NO_COMMON_BLOCKS = YES;
				GCC_WARN_64_TO_32_BIT_CONVERSION = YES;
				GCC_WARN_ABOUT_RETURN_TYPE = YES_ERROR;
				GCC_WARN_UNDECLARED_SELECTOR = YES;
				GCC_WARN_UNINITIALIZED_AUTOS = YES_AGGRESSIVE;
				GCC_WARN_UNUSED_FUNCTION = YES;
				GCC_WARN_UNUSED_VARIABLE = YES;
				LOCALIZATION_PREFERS_STRING_CATALOGS = YES;
				MTL_ENABLE_DEBUG_INFO = NO;
				MTL_FAST_MATH = YES;
				SWIFT_COMPILATION_MODE = wholemodule;
			};
			name = Release;
		};
		A9376A452B544E09001C0E49 /* Debug */ = {
			isa = XCBuildConfiguration;
			buildSettings = {
				ASSETCATALOG_COMPILER_APPICON_NAME = AppIcon;
				ASSETCATALOG_COMPILER_GLOBAL_ACCENT_COLOR_NAME = AccentColor;
				CODE_SIGN_ENTITLEMENTS = "todo-list/todo_list.entitlements";
				CODE_SIGN_STYLE = Automatic;
				CURRENT_PROJECT_VERSION = 1;
				DEVELOPMENT_ASSET_PATHS = "\"todo-list/Preview Content\"";
				ENABLE_PREVIEWS = YES;
				GENERATE_INFOPLIST_FILE = YES;
				"INFOPLIST_KEY_UIApplicationSceneManifest_Generation[sdk=iphoneos*]" = YES;
				"INFOPLIST_KEY_UIApplicationSceneManifest_Generation[sdk=iphonesimulator*]" = YES;
				"INFOPLIST_KEY_UIApplicationSupportsIndirectInputEvents[sdk=iphoneos*]" = YES;
				"INFOPLIST_KEY_UIApplicationSupportsIndirectInputEvents[sdk=iphonesimulator*]" = YES;
				"INFOPLIST_KEY_UILaunchScreen_Generation[sdk=iphoneos*]" = YES;
				"INFOPLIST_KEY_UILaunchScreen_Generation[sdk=iphonesimulator*]" = YES;
				"INFOPLIST_KEY_UIStatusBarStyle[sdk=iphoneos*]" = UIStatusBarStyleDefault;
				"INFOPLIST_KEY_UIStatusBarStyle[sdk=iphonesimulator*]" = UIStatusBarStyleDefault;
				INFOPLIST_KEY_UISupportedInterfaceOrientations_iPad = "UIInterfaceOrientationPortrait UIInterfaceOrientationPortraitUpsideDown UIInterfaceOrientationLandscapeLeft UIInterfaceOrientationLandscapeRight";
				INFOPLIST_KEY_UISupportedInterfaceOrientations_iPhone = "UIInterfaceOrientationPortrait UIInterfaceOrientationLandscapeLeft UIInterfaceOrientationLandscapeRight";
				IPHONEOS_DEPLOYMENT_TARGET = 17.2;
				LD_RUNPATH_SEARCH_PATHS = "@executable_path/Frameworks";
				"LD_RUNPATH_SEARCH_PATHS[sdk=macosx*]" = "@executable_path/../Frameworks";
				MACOSX_DEPLOYMENT_TARGET = 14.2;
				MARKETING_VERSION = 1.0;
				PRODUCT_BUNDLE_IDENTIFIER = "rbpolim.todo-list";
				PRODUCT_NAME = "$(TARGET_NAME)";
				SDKROOT = auto;
				SUPPORTED_PLATFORMS = "iphoneos iphonesimulator macosx";
				SWIFT_EMIT_LOC_STRINGS = YES;
				SWIFT_VERSION = 5.0;
				TARGETED_DEVICE_FAMILY = "1,2";
			};
			name = Debug;
		};
		A9376A462B544E09001C0E49 /* Release */ = {
			isa = XCBuildConfiguration;
			buildSettings = {
				ASSETCATALOG_COMPILER_APPICON_NAME = AppIcon;
				ASSETCATALOG_COMPILER_GLOBAL_ACCENT_COLOR_NAME = AccentColor;
				CODE_SIGN_ENTITLEMENTS = "todo-list/todo_list.entitlements";
				CODE_SIGN_STYLE = Automatic;
				CURRENT_PROJECT_VERSION = 1;
				DEVELOPMENT_ASSET_PATHS = "\"todo-list/Preview Content\"";
				ENABLE_PREVIEWS = YES;
				GENERATE_INFOPLIST_FILE = YES;
				"INFOPLIST_KEY_UIApplicationSceneManifest_Generation[sdk=iphoneos*]" = YES;
				"INFOPLIST_KEY_UIApplicationSceneManifest_Generation[sdk=iphonesimulator*]" = YES;
				"INFOPLIST_KEY_UIApplicationSupportsIndirectInputEvents[sdk=iphoneos*]" = YES;
				"INFOPLIST_KEY_UIApplicationSupportsIndirectInputEvents[sdk=iphonesimulator*]" = YES;
				"INFOPLIST_KEY_UILaunchScreen_Generation[sdk=iphoneos*]" = YES;
				"INFOPLIST_KEY_UILaunchScreen_Generation[sdk=iphonesimulator*]" = YES;
				"INFOPLIST_KEY_UIStatusBarStyle[sdk=iphoneos*]" = UIStatusBarStyleDefault;
				"INFOPLIST_KEY_UIStatusBarStyle[sdk=iphonesimulator*]" = UIStatusBarStyleDefault;
				INFOPLIST_KEY_UISupportedInterfaceOrientations_iPad = "UIInterfaceOrientationPortrait UIInterfaceOrientationPortraitUpsideDown UIInterfaceOrientationLandscapeLeft UIInterfaceOrientationLandscapeRight";
				INFOPLIST_KEY_UISupportedInterfaceOrientations_iPhone = "UIInterfaceOrientationPortrait UIInterfaceOrientationLandscapeLeft UIInterfaceOrientationLandscapeRight";
				IPHONEOS_DEPLOYMENT_TARGET = 17.2;
				LD_RUNPATH_SEARCH_PATHS = "@executable_path/Frameworks";
				"LD_RUNPATH_SEARCH_PATHS[sdk=macosx*]" = "@executable_path/../Frameworks";
				MACOSX_DEPLOYMENT_TARGET = 14.2;
				MARKETING_VERSION = 1.0;
				PRODUCT_BUNDLE_IDENTIFIER = "rbpolim.todo-list";
				PRODUCT_NAME = "$(TARGET_NAME)";
				SDKROOT = auto;
				SUPPORTED_PLATFORMS = "iphoneos iphonesimulator macosx";
				SWIFT_EMIT_LOC_STRINGS = YES;
				SWIFT_VERSION = 5.0;
				TARGETED_DEVICE_FAMILY = "1,2";
			};
			name = Release;
		};
		A9376A482B544E09001C0E49 /* Debug */ = {
			isa = XCBuildConfiguration;
			buildSettings = {
				ALWAYS_EMBED_SWIFT_STANDARD_LIBRARIES = YES;
				BUNDLE_LOADER = "$(TEST_HOST)";
				CODE_SIGN_STYLE = Automatic;
				CURRENT_PROJECT_VERSION = 1;
				GENERATE_INFOPLIST_FILE = YES;
				IPHONEOS_DEPLOYMENT_TARGET = 17.2;
				MACOSX_DEPLOYMENT_TARGET = 14.2;
				MARKETING_VERSION = 1.0;
				PRODUCT_BUNDLE_IDENTIFIER = "rbpolim.todo-listTests";
				PRODUCT_NAME = "$(TARGET_NAME)";
				SDKROOT = auto;
				SUPPORTED_PLATFORMS = "iphoneos iphonesimulator macosx";
				SWIFT_EMIT_LOC_STRINGS = NO;
				SWIFT_VERSION = 5.0;
				TARGETED_DEVICE_FAMILY = "1,2";
				TEST_HOST = "$(BUILT_PRODUCTS_DIR)/todo-list.app/$(BUNDLE_EXECUTABLE_FOLDER_PATH)/todo-list";
			};
			name = Debug;
		};
		A9376A492B544E09001C0E49 /* Release */ = {
			isa = XCBuildConfiguration;
			buildSettings = {
				ALWAYS_EMBED_SWIFT_STANDARD_LIBRARIES = YES;
				BUNDLE_LOADER = "$(TEST_HOST)";
				CODE_SIGN_STYLE = Automatic;
				CURRENT_PROJECT_VERSION = 1;
				GENERATE_INFOPLIST_FILE = YES;
				IPHONEOS_DEPLOYMENT_TARGET = 17.2;
				MACOSX_DEPLOYMENT_TARGET = 14.2;
				MARKETING_VERSION = 1.0;
				PRODUCT_BUNDLE_IDENTIFIER = "rbpolim.todo-listTests";
				PRODUCT_NAME = "$(TARGET_NAME)";
				SDKROOT = auto;
				SUPPORTED_PLATFORMS = "iphoneos iphonesimulator macosx";
				SWIFT_EMIT_LOC_STRINGS = NO;
				SWIFT_VERSION = 5.0;
				TARGETED_DEVICE_FAMILY = "1,2";
				TEST_HOST = "$(BUILT_PRODUCTS_DIR)/todo-list.app/$(BUNDLE_EXECUTABLE_FOLDER_PATH)/todo-list";
			};
			name = Release;
		};
		A9376A4B2B544E09001C0E49 /* Debug */ = {
			isa = XCBuildConfiguration;
			buildSettings = {
				ALWAYS_EMBED_SWIFT_STANDARD_LIBRARIES = YES;
				CODE_SIGN_STYLE = Automatic;
				CURRENT_PROJECT_VERSION = 1;
				GENERATE_INFOPLIST_FILE = YES;
				IPHONEOS_DEPLOYMENT_TARGET = 17.2;
				MACOSX_DEPLOYMENT_TARGET = 14.2;
				MARKETING_VERSION = 1.0;
				PRODUCT_BUNDLE_IDENTIFIER = "rbpolim.todo-listUITests";
				PRODUCT_NAME = "$(TARGET_NAME)";
				SDKROOT = auto;
				SUPPORTED_PLATFORMS = "iphoneos iphonesimulator macosx";
				SWIFT_EMIT_LOC_STRINGS = NO;
				SWIFT_VERSION = 5.0;
				TARGETED_DEVICE_FAMILY = "1,2";
				TEST_TARGET_NAME = "todo-list";
			};
			name = Debug;
		};
		A9376A4C2B544E09001C0E49 /* Release */ = {
			isa = XCBuildConfiguration;
			buildSettings = {
				ALWAYS_EMBED_SWIFT_STANDARD_LIBRARIES = YES;
				CODE_SIGN_STYLE = Automatic;
				CURRENT_PROJECT_VERSION = 1;
				GENERATE_INFOPLIST_FILE = YES;
				IPHONEOS_DEPLOYMENT_TARGET = 17.2;
				MACOSX_DEPLOYMENT_TARGET = 14.2;
				MARKETING_VERSION = 1.0;
				PRODUCT_BUNDLE_IDENTIFIER = "rbpolim.todo-listUITests";
				PRODUCT_NAME = "$(TARGET_NAME)";
				SDKROOT = auto;
				SUPPORTED_PLATFORMS = "iphoneos iphonesimulator macosx";
				SWIFT_EMIT_LOC_STRINGS = NO;
				SWIFT_VERSION = 5.0;
				TARGETED_DEVICE_FAMILY = "1,2";
				TEST_TARGET_NAME = "todo-list";
			};
			name = Release;
		};
/* End XCBuildConfiguration section */

/* Begin XCConfigurationList section */
		A9376A1A2B544E07001C0E49 /* Build configuration list for PBXProject "todo-list" */ = {
			isa = XCConfigurationList;
			buildConfigurations = (
				A9376A422B544E09001C0E49 /* Debug */,
				A9376A432B544E09001C0E49 /* Release */,
			);
			defaultConfigurationIsVisible = 0;
			defaultConfigurationName = Release;
		};
		A9376A442B544E09001C0E49 /* Build configuration list for PBXNativeTarget "todo-list" */ = {
			isa = XCConfigurationList;
			buildConfigurations = (
				A9376A452B544E09001C0E49 /* Debug */,
				A9376A462B544E09001C0E49 /* Release */,
			);
			defaultConfigurationIsVisible = 0;
			defaultConfigurationName = Release;
		};
		A9376A472B544E09001C0E49 /* Build configuration list for PBXNativeTarget "todo-listTests" */ = {
			isa = XCConfigurationList;
			buildConfigurations = (
				A9376A482B544E09001C0E49 /* Debug */,
				A9376A492B544E09001C0E49 /* Release */,
			);
			defaultConfigurationIsVisible = 0;
			defaultConfigurationName = Release;
		};
		A9376A4A2B544E09001C0E49 /* Build configuration list for PBXNativeTarget "todo-listUITests" */ = {
			isa = XCConfigurationList;
			buildConfigurations = (
				A9376A4B2B544E09001C0E49 /* Debug */,
				A9376A4C2B544E09001C0E49 /* Release */,
			);
			defaultConfigurationIsVisible = 0;
			defaultConfigurationName = Release;
		};
/* End XCConfigurationList section */
	};
	rootObject = A9376A172B544E07001C0E49 /* Project object */;
}
